
Microsoft Visual Studio Solution File, Format Version 10.00
# Visual Studio 2008
Project("{FAE04EC0-301F-11D3-BF4B-00C04F79EFBC}") = "SmilingGoat.WindowsLiveWriter.Flickr", "SmilingGoat.WindowsLiveWriter.Flickr\SmilingGoat.WindowsLiveWriter.Flickr.csproj", "{39C12183-FAE3-48E2-80FC-8D3ADDEE5942}"
EndProject
Global
	GlobalSection(TeamFoundationVersionControl) = preSolution
		SccNumberOfProjects = 2
		SccEnterpriseProvider = {4CA58AB2-18FA-4F8D-95D4-32DDF27D184C}
		SccTeamFoundationServer = https://tfs01.codeplex.com/
		SccLocalPath0 = .
		SccProjectUniqueName1 = SmilingGoat.WindowsLiveWriter.Flickr\\SmilingGoat.WindowsLiveWriter.Flickr.csproj
		SccProjectName1 = SmilingGoat.WindowsLiveWriter.Flickr
		SccLocalPath1 = SmilingGoat.WindowsLiveWriter.Flickr
	EndGlobalSection
	GlobalSection(SolutionConfigurationPlatforms) = preSolution
		All|Any CPU = All|Any CPU
		Debug|Any CPU = Debug|Any CPU
		Release|Any CPU = Release|Any CPU
	EndGlobalSection
	GlobalSection(ProjectConfigurationPlatforms) = postSolution
		{39C12183-FAE3-48E2-80FC-8D3ADDEE5942}.All|Any CPU.ActiveCfg = All|Any CPU
		{39C12183-FAE3-48E2-80FC-8D3ADDEE5942}.All|Any CPU.Build.0 = All|Any CPU
		{39C12183-FAE3-48E2-80FC-8D3ADDEE5942}.Debug|Any CPU.ActiveCfg = Debug|Any CPU
		{39C12183-FAE3-48E2-80FC-8D3ADDEE5942}.Debug|Any CPU.Build.0 = Debug|Any CPU
		{39C12183-FAE3-48E2-80FC-8D3ADDEE5942}.Release|Any CPU.ActiveCfg = Release|Any CPU
		{39C12183-FAE3-48E2-80FC-8D3ADDEE5942}.Release|Any CPU.Build.0 = Release|Any CPU
	EndGlobalSection
	GlobalSection(SolutionProperties) = preSolution
		HideSolutionNode = FALSE
	EndGlobalSection
EndGlobal
