
Microsoft Visual Studio Solution File, Format Version 12.00
# Visual Studio 2013
VisualStudioVersion = 12.0.30501.0
MinimumVisualStudioVersion = 10.0.40219.1
Project("{FAE04EC0-301F-11D3-BF4B-00C04F79EFBC}") = "SmilingGoat.WindowsLiveWriter.Flickr", "SmilingGoat.WindowsLiveWriter.Flickr\SmilingGoat.WindowsLiveWriter.Flickr.csproj", "{39C12183-FAE3-48E2-80FC-8D3ADDEE5942}"
EndProject
Project("{6141683F-8A12-4E36-9623-2EB02B2C2303}") = "Flickr4WriterSetup", "Setup\Flickr4WriterSetup.isproj", "{F09220EF-B25E-43B3-88ED-C158D5ED8B9D}"
	ProjectSection(ProjectDependencies) = postProject
		{39C12183-FAE3-48E2-80FC-8D3ADDEE5942} = {39C12183-FAE3-48E2-80FC-8D3ADDEE5942}
	EndProjectSection
EndProject
Project("{2150E333-8FDC-42A3-9474-1A3956D46DE8}") = ".nuget", ".nuget", "{83D2B3AF-E5C9-4AC3-9C91-8EAE71671303}"
	ProjectSection(SolutionItems) = preProject
		.nuget\NuGet.Config = .nuget\NuGet.Config
		.nuget\NuGet.exe = .nuget\NuGet.exe
		.nuget\NuGet.targets = .nuget\NuGet.targets
	EndProjectSection
EndProject
Global
	GlobalSection(SolutionConfigurationPlatforms) = preSolution
		All|Any CPU = All|Any CPU
		CD_ROM|Any CPU = CD_ROM|Any CPU
		Debug|Any CPU = Debug|Any CPU
		DVD-5|Any CPU = DVD-5|Any CPU
		Release|Any CPU = Release|Any CPU
		SingleImage|Any CPU = SingleImage|Any CPU
	EndGlobalSection
	GlobalSection(ProjectConfigurationPlatforms) = postSolution
		{39C12183-FAE3-48E2-80FC-8D3ADDEE5942}.All|Any CPU.ActiveCfg = All|Any CPU
		{39C12183-FAE3-48E2-80FC-8D3ADDEE5942}.All|Any CPU.Build.0 = All|Any CPU
		{39C12183-FAE3-48E2-80FC-8D3ADDEE5942}.CD_ROM|Any CPU.ActiveCfg = Release|Any CPU
		{39C12183-FAE3-48E2-80FC-8D3ADDEE5942}.CD_ROM|Any CPU.Build.0 = Release|Any CPU
		{39C12183-FAE3-48E2-80FC-8D3ADDEE5942}.Debug|Any CPU.ActiveCfg = Debug|Any CPU
		{39C12183-FAE3-48E2-80FC-8D3ADDEE5942}.Debug|Any CPU.Build.0 = Debug|Any CPU
		{39C12183-FAE3-48E2-80FC-8D3ADDEE5942}.DVD-5|Any CPU.ActiveCfg = Debug|Any CPU
		{39C12183-FAE3-48E2-80FC-8D3ADDEE5942}.DVD-5|Any CPU.Build.0 = Debug|Any CPU
		{39C12183-FAE3-48E2-80FC-8D3ADDEE5942}.Release|Any CPU.ActiveCfg = Release|Any CPU
		{39C12183-FAE3-48E2-80FC-8D3ADDEE5942}.Release|Any CPU.Build.0 = Release|Any CPU
		{39C12183-FAE3-48E2-80FC-8D3ADDEE5942}.SingleImage|Any CPU.ActiveCfg = Release|Any CPU
		{39C12183-FAE3-48E2-80FC-8D3ADDEE5942}.SingleImage|Any CPU.Build.0 = Release|Any CPU
		{F09220EF-B25E-43B3-88ED-C158D5ED8B9D}.All|Any CPU.ActiveCfg = SingleImage
		{F09220EF-B25E-43B3-88ED-C158D5ED8B9D}.All|Any CPU.Build.0 = SingleImage
		{F09220EF-B25E-43B3-88ED-C158D5ED8B9D}.CD_ROM|Any CPU.ActiveCfg = CD_ROM
		{F09220EF-B25E-43B3-88ED-C158D5ED8B9D}.CD_ROM|Any CPU.Build.0 = CD_ROM
		{F09220EF-B25E-43B3-88ED-C158D5ED8B9D}.Debug|Any CPU.ActiveCfg = DVD-5
		{F09220EF-B25E-43B3-88ED-C158D5ED8B9D}.Debug|Any CPU.Build.0 = DVD-5
		{F09220EF-B25E-43B3-88ED-C158D5ED8B9D}.DVD-5|Any CPU.ActiveCfg = DVD-5
		{F09220EF-B25E-43B3-88ED-C158D5ED8B9D}.DVD-5|Any CPU.Build.0 = DVD-5
		{F09220EF-B25E-43B3-88ED-C158D5ED8B9D}.Release|Any CPU.ActiveCfg = SingleImage
		{F09220EF-B25E-43B3-88ED-C158D5ED8B9D}.Release|Any CPU.Build.0 = SingleImage
		{F09220EF-B25E-43B3-88ED-C158D5ED8B9D}.SingleImage|Any CPU.ActiveCfg = SingleImage
		{F09220EF-B25E-43B3-88ED-C158D5ED8B9D}.SingleImage|Any CPU.Build.0 = SingleImage
	EndGlobalSection
	GlobalSection(SolutionProperties) = preSolution
		HideSolutionNode = FALSE
	EndGlobalSection
EndGlobal
